
Microsoft Visual Studio Solution File, Format Version 12.00
# Visual Studio Version 17
VisualStudioVersion = 17.9.34728.123
MinimumVisualStudioVersion = 10.0.40219.1
Project("{FAE04EC0-301F-11D3-BF4B-00C04F79EFBC}") = "Steganographia", "Steganographia\Steganographia.csproj", "{00F3ABFD-C346-4C47-B638-BBFDCF942314}"
EndProject
Global
	GlobalSection(SolutionConfigurationPlatforms) = preSolution
		Debug|Any CPU = Debug|Any CPU
		Release|Any CPU = Release|Any CPU
	EndGlobalSection
	GlobalSection(ProjectConfigurationPlatforms) = postSolution
		{00F3ABFD-C346-4C47-B638-BBFDCF942314}.Debug|Any CPU.ActiveCfg = Debug|Any CPU
		{00F3ABFD-C346-4C47-B638-BBFDCF942314}.Debug|Any CPU.Build.0 = Debug|Any CPU
		{00F3ABFD-C346-4C47-B638-BBFDCF942314}.Release|Any CPU.ActiveCfg = Release|Any CPU
		{00F3ABFD-C346-4C47-B638-BBFDCF942314}.Release|Any CPU.Build.0 = Release|Any CPU
	EndGlobalSection
	GlobalSection(SolutionProperties) = preSolution
		HideSolutionNode = FALSE
	EndGlobalSection
	GlobalSection(ExtensibilityGlobals) = postSolution
		SolutionGuid = {29607F30-1BDA-49BF-999F-BE84B78D558C}
	EndGlobalSection
EndGlobal
